
Microsoft Visual Studio Solution File, Format Version 11.00
# Visual Studio 2010
Project("{FAE04EC0-301F-11D3-BF4B-00C04F79EFBC}") = "HardySoft.UI.BatchImageProcessor", "HardySoft.UI.BatchImageProcessor\HardySoft.UI.BatchImageProcessor.csproj", "{D5B6B547-B5AE-4188-B7DE-8DB86D6B5362}"
EndProject
Project("{FAE04EC0-301F-11D3-BF4B-00C04F79EFBC}") = "HardySoft.UI.BatchImageProcessor.View", "HardySoft.UI.BatchImageProcessor.View\HardySoft.UI.BatchImageProcessor.View.csproj", "{9C6D00B8-CD82-49FC-A857-44B3A57AF627}"
EndProject
Project("{FAE04EC0-301F-11D3-BF4B-00C04F79EFBC}") = "HardySoft.UI.BatchImageProcessor.Presenter", "HardySoft.UI.BatchImageProcessor.Presenter\HardySoft.UI.BatchImageProcessor.Presenter.csproj", "{EDC5BEF6-F013-41D0-B812-D68B5ABB3B0A}"
EndProject
Project("{FAE04EC0-301F-11D3-BF4B-00C04F79EFBC}") = "HardySoft.UI.BatchImageProcessor.Model", "HardySoft.UI.BatchImageProcessor.Model\HardySoft.UI.BatchImageProcessor.Model.csproj", "{5AC6B983-70B4-4FC9-A3E2-5C95C74AEE08}"
EndProject
Project("{FAE04EC0-301F-11D3-BF4B-00C04F79EFBC}") = "HardySoft.CC", "HardySoft.CC\HardySoft.CC.csproj", "{D162A876-9517-4E74-89AF-C889FF5BFAD0}"
EndProject
Project("{2150E333-8FDC-42A3-9474-1A3956D46DE8}") = ".nuget", ".nuget", "{46709BB8-2ECA-497E-A146-008DFDF2E2E8}"
	ProjectSection(SolutionItems) = preProject
		.nuget\NuGet.Config = .nuget\NuGet.Config
		.nuget\NuGet.exe = .nuget\NuGet.exe
		.nuget\NuGet.targets = .nuget\NuGet.targets
	EndProjectSection
EndProject
Project("{FAE04EC0-301F-11D3-BF4B-00C04F79EFBC}") = "HardySoft.BatchImageProcessor.ControlFileCreator", "HardySoft.BatchImageProcessor.ControlFileCreator\HardySoft.BatchImageProcessor.ControlFileCreator.csproj", "{3D206986-C0F7-4C03-8BE2-206343260DE0}"
EndProject
Global
	GlobalSection(SubversionScc) = preSolution
		Svn-Managed = True
		Manager = AnkhSVN - Subversion Support for Visual Studio
	EndGlobalSection
	GlobalSection(TestCaseManagementSettings) = postSolution
		CategoryFile = HardySoft.BatchImageProcessor.vsmdi
	EndGlobalSection
	GlobalSection(SolutionConfigurationPlatforms) = preSolution
		Debug|Any CPU = Debug|Any CPU
		Debug|Mixed Platforms = Debug|Mixed Platforms
		Debug|x86 = Debug|x86
		NoUnity|Any CPU = NoUnity|Any CPU
		NoUnity|Mixed Platforms = NoUnity|Mixed Platforms
		NoUnity|x86 = NoUnity|x86
		Release|Any CPU = Release|Any CPU
		Release|Mixed Platforms = Release|Mixed Platforms
		Release|x86 = Release|x86
	EndGlobalSection
	GlobalSection(ProjectConfigurationPlatforms) = postSolution
		{D5B6B547-B5AE-4188-B7DE-8DB86D6B5362}.Debug|Any CPU.ActiveCfg = Debug|Any CPU
		{D5B6B547-B5AE-4188-B7DE-8DB86D6B5362}.Debug|Any CPU.Build.0 = Debug|Any CPU
		{D5B6B547-B5AE-4188-B7DE-8DB86D6B5362}.Debug|Mixed Platforms.ActiveCfg = Debug|Any CPU
		{D5B6B547-B5AE-4188-B7DE-8DB86D6B5362}.Debug|Mixed Platforms.Build.0 = Debug|Any CPU
		{D5B6B547-B5AE-4188-B7DE-8DB86D6B5362}.Debug|x86.ActiveCfg = Debug|Any CPU
		{D5B6B547-B5AE-4188-B7DE-8DB86D6B5362}.NoUnity|Any CPU.ActiveCfg = NoUnity|Any CPU
		{D5B6B547-B5AE-4188-B7DE-8DB86D6B5362}.NoUnity|Any CPU.Build.0 = NoUnity|Any CPU
		{D5B6B547-B5AE-4188-B7DE-8DB86D6B5362}.NoUnity|Mixed Platforms.ActiveCfg = NoUnity|Any CPU
		{D5B6B547-B5AE-4188-B7DE-8DB86D6B5362}.NoUnity|Mixed Platforms.Build.0 = NoUnity|Any CPU
		{D5B6B547-B5AE-4188-B7DE-8DB86D6B5362}.NoUnity|x86.ActiveCfg = NoUnity|Any CPU
		{D5B6B547-B5AE-4188-B7DE-8DB86D6B5362}.Release|Any CPU.ActiveCfg = Release|Any CPU
		{D5B6B547-B5AE-4188-B7DE-8DB86D6B5362}.Release|Any CPU.Build.0 = Release|Any CPU
		{D5B6B547-B5AE-4188-B7DE-8DB86D6B5362}.Release|Mixed Platforms.ActiveCfg = Release|Any CPU
		{D5B6B547-B5AE-4188-B7DE-8DB86D6B5362}.Release|Mixed Platforms.Build.0 = Release|Any CPU
		{D5B6B547-B5AE-4188-B7DE-8DB86D6B5362}.Release|x86.ActiveCfg = Release|Any CPU
		{9C6D00B8-CD82-49FC-A857-44B3A57AF627}.Debug|Any CPU.ActiveCfg = Debug|Any CPU
		{9C6D00B8-CD82-49FC-A857-44B3A57AF627}.Debug|Any CPU.Build.0 = Debug|Any CPU
		{9C6D00B8-CD82-49FC-A857-44B3A57AF627}.Debug|Mixed Platforms.ActiveCfg = Debug|Any CPU
		{9C6D00B8-CD82-49FC-A857-44B3A57AF627}.Debug|Mixed Platforms.Build.0 = Debug|Any CPU
		{9C6D00B8-CD82-49FC-A857-44B3A57AF627}.Debug|x86.ActiveCfg = Debug|Any CPU
		{9C6D00B8-CD82-49FC-A857-44B3A57AF627}.NoUnity|Any CPU.ActiveCfg = NoUnity|Any CPU
		{9C6D00B8-CD82-49FC-A857-44B3A57AF627}.NoUnity|Any CPU.Build.0 = NoUnity|Any CPU
		{9C6D00B8-CD82-49FC-A857-44B3A57AF627}.NoUnity|Mixed Platforms.ActiveCfg = NoUnity|Any CPU
		{9C6D00B8-CD82-49FC-A857-44B3A57AF627}.NoUnity|Mixed Platforms.Build.0 = NoUnity|Any CPU
		{9C6D00B8-CD82-49FC-A857-44B3A57AF627}.NoUnity|x86.ActiveCfg = NoUnity|Any CPU
		{9C6D00B8-CD82-49FC-A857-44B3A57AF627}.Release|Any CPU.ActiveCfg = Release|Any CPU
		{9C6D00B8-CD82-49FC-A857-44B3A57AF627}.Release|Any CPU.Build.0 = Release|Any CPU
		{9C6D00B8-CD82-49FC-A857-44B3A57AF627}.Release|Mixed Platforms.ActiveCfg = Release|Any CPU
		{9C6D00B8-CD82-49FC-A857-44B3A57AF627}.Release|Mixed Platforms.Build.0 = Release|Any CPU
		{9C6D00B8-CD82-49FC-A857-44B3A57AF627}.Release|x86.ActiveCfg = Release|Any CPU
		{EDC5BEF6-F013-41D0-B812-D68B5ABB3B0A}.Debug|Any CPU.ActiveCfg = Debug|Any CPU
		{EDC5BEF6-F013-41D0-B812-D68B5ABB3B0A}.Debug|Any CPU.Build.0 = Debug|Any CPU
		{EDC5BEF6-F013-41D0-B812-D68B5ABB3B0A}.Debug|Mixed Platforms.ActiveCfg = Debug|Any CPU
		{EDC5BEF6-F013-41D0-B812-D68B5ABB3B0A}.Debug|Mixed Platforms.Build.0 = Debug|Any CPU
		{EDC5BEF6-F013-41D0-B812-D68B5ABB3B0A}.Debug|x86.ActiveCfg = Debug|Any CPU
		{EDC5BEF6-F013-41D0-B812-D68B5ABB3B0A}.NoUnity|Any CPU.ActiveCfg = NoUnity|Any CPU
		{EDC5BEF6-F013-41D0-B812-D68B5ABB3B0A}.NoUnity|Any CPU.Build.0 = NoUnity|Any CPU
		{EDC5BEF6-F013-41D0-B812-D68B5ABB3B0A}.NoUnity|Mixed Platforms.ActiveCfg = NoUnity|Any CPU
		{EDC5BEF6-F013-41D0-B812-D68B5ABB3B0A}.NoUnity|Mixed Platforms.Build.0 = NoUnity|Any CPU
		{EDC5BEF6-F013-41D0-B812-D68B5ABB3B0A}.NoUnity|x86.ActiveCfg = NoUnity|Any CPU
		{EDC5BEF6-F013-41D0-B812-D68B5ABB3B0A}.Release|Any CPU.ActiveCfg = Release|Any CPU
		{EDC5BEF6-F013-41D0-B812-D68B5ABB3B0A}.Release|Any CPU.Build.0 = Release|Any CPU
		{EDC5BEF6-F013-41D0-B812-D68B5ABB3B0A}.Release|Mixed Platforms.ActiveCfg = Release|Any CPU
		{EDC5BEF6-F013-41D0-B812-D68B5ABB3B0A}.Release|Mixed Platforms.Build.0 = Release|Any CPU
		{EDC5BEF6-F013-41D0-B812-D68B5ABB3B0A}.Release|x86.ActiveCfg = Release|Any CPU
		{5AC6B983-70B4-4FC9-A3E2-5C95C74AEE08}.Debug|Any CPU.ActiveCfg = Debug|Any CPU
		{5AC6B983-70B4-4FC9-A3E2-5C95C74AEE08}.Debug|Any CPU.Build.0 = Debug|Any CPU
		{5AC6B983-70B4-4FC9-A3E2-5C95C74AEE08}.Debug|Mixed Platforms.ActiveCfg = Debug|Any CPU
		{5AC6B983-70B4-4FC9-A3E2-5C95C74AEE08}.Debug|Mixed Platforms.Build.0 = Debug|Any CPU
		{5AC6B983-70B4-4FC9-A3E2-5C95C74AEE08}.Debug|x86.ActiveCfg = Debug|Any CPU
		{5AC6B983-70B4-4FC9-A3E2-5C95C74AEE08}.NoUnity|Any CPU.ActiveCfg = NoUnity|Any CPU
		{5AC6B983-70B4-4FC9-A3E2-5C95C74AEE08}.NoUnity|Any CPU.Build.0 = NoUnity|Any CPU
		{5AC6B983-70B4-4FC9-A3E2-5C95C74AEE08}.NoUnity|Mixed Platforms.ActiveCfg = NoUnity|Any CPU
		{5AC6B983-70B4-4FC9-A3E2-5C95C74AEE08}.NoUnity|Mixed Platforms.Build.0 = NoUnity|Any CPU
		{5AC6B983-70B4-4FC9-A3E2-5C95C74AEE08}.NoUnity|x86.ActiveCfg = NoUnity|Any CPU
		{5AC6B983-70B4-4FC9-A3E2-5C95C74AEE08}.Release|Any CPU.ActiveCfg = Release|Any CPU
		{5AC6B983-70B4-4FC9-A3E2-5C95C74AEE08}.Release|Any CPU.Build.0 = Release|Any CPU
		{5AC6B983-70B4-4FC9-A3E2-5C95C74AEE08}.Release|Mixed Platforms.ActiveCfg = Release|Any CPU
		{5AC6B983-70B4-4FC9-A3E2-5C95C74AEE08}.Release|Mixed Platforms.Build.0 = Release|Any CPU
		{5AC6B983-70B4-4FC9-A3E2-5C95C74AEE08}.Release|x86.ActiveCfg = Release|Any CPU
		{D162A876-9517-4E74-89AF-C889FF5BFAD0}.Debug|Any CPU.ActiveCfg = Debug|Any CPU
		{D162A876-9517-4E74-89AF-C889FF5BFAD0}.Debug|Any CPU.Build.0 = Debug|Any CPU
		{D162A876-9517-4E74-89AF-C889FF5BFAD0}.Debug|Mixed Platforms.ActiveCfg = Debug|Any CPU
		{D162A876-9517-4E74-89AF-C889FF5BFAD0}.Debug|Mixed Platforms.Build.0 = Debug|Any CPU
		{D162A876-9517-4E74-89AF-C889FF5BFAD0}.Debug|x86.ActiveCfg = Debug|Any CPU
		{D162A876-9517-4E74-89AF-C889FF5BFAD0}.NoUnity|Any CPU.ActiveCfg = NoUnity|Any CPU
		{D162A876-9517-4E74-89AF-C889FF5BFAD0}.NoUnity|Any CPU.Build.0 = NoUnity|Any CPU
		{D162A876-9517-4E74-89AF-C889FF5BFAD0}.NoUnity|Mixed Platforms.ActiveCfg = NoUnity|Any CPU
		{D162A876-9517-4E74-89AF-C889FF5BFAD0}.NoUnity|Mixed Platforms.Build.0 = NoUnity|Any CPU
		{D162A876-9517-4E74-89AF-C889FF5BFAD0}.NoUnity|x86.ActiveCfg = NoUnity|Any CPU
		{D162A876-9517-4E74-89AF-C889FF5BFAD0}.Release|Any CPU.ActiveCfg = Release|Any CPU
		{D162A876-9517-4E74-89AF-C889FF5BFAD0}.Release|Any CPU.Build.0 = Release|Any CPU
		{D162A876-9517-4E74-89AF-C889FF5BFAD0}.Release|Mixed Platforms.ActiveCfg = Release|Any CPU
		{D162A876-9517-4E74-89AF-C889FF5BFAD0}.Release|Mixed Platforms.Build.0 = Release|Any CPU
		{D162A876-9517-4E74-89AF-C889FF5BFAD0}.Release|x86.ActiveCfg = Release|Any CPU
		{3D206986-C0F7-4C03-8BE2-206343260DE0}.Debug|Any CPU.ActiveCfg = Debug|x86
		{3D206986-C0F7-4C03-8BE2-206343260DE0}.Debug|Mixed Platforms.ActiveCfg = Debug|x86
		{3D206986-C0F7-4C03-8BE2-206343260DE0}.Debug|Mixed Platforms.Build.0 = Debug|x86
		{3D206986-C0F7-4C03-8BE2-206343260DE0}.Debug|x86.ActiveCfg = Debug|x86
		{3D206986-C0F7-4C03-8BE2-206343260DE0}.Debug|x86.Build.0 = Debug|x86
		{3D206986-C0F7-4C03-8BE2-206343260DE0}.NoUnity|Any CPU.ActiveCfg = Release|x86
		{3D206986-C0F7-4C03-8BE2-206343260DE0}.NoUnity|Mixed Platforms.ActiveCfg = Release|x86
		{3D206986-C0F7-4C03-8BE2-206343260DE0}.NoUnity|Mixed Platforms.Build.0 = Release|x86
		{3D206986-C0F7-4C03-8BE2-206343260DE0}.NoUnity|x86.ActiveCfg = Release|x86
		{3D206986-C0F7-4C03-8BE2-206343260DE0}.NoUnity|x86.Build.0 = Release|x86
		{3D206986-C0F7-4C03-8BE2-206343260DE0}.Release|Any CPU.ActiveCfg = Release|x86
		{3D206986-C0F7-4C03-8BE2-206343260DE0}.Release|Mixed Platforms.ActiveCfg = Release|x86
		{3D206986-C0F7-4C03-8BE2-206343260DE0}.Release|Mixed Platforms.Build.0 = Release|x86
		{3D206986-C0F7-4C03-8BE2-206343260DE0}.Release|x86.ActiveCfg = Release|x86
		{3D206986-C0F7-4C03-8BE2-206343260DE0}.Release|x86.Build.0 = Release|x86
	EndGlobalSection
	GlobalSection(SolutionProperties) = preSolution
		HideSolutionNode = FALSE
	EndGlobalSection
EndGlobal
